
Microsoft Visual Studio Solution File, Format Version 12.00
# Visual Studio Version 16
VisualStudioVersion = 16.0.29306.81
MinimumVisualStudioVersion = 10.0.40219.1
Project("{FAE04EC0-301F-11D3-BF4B-00C04F79EFBC}") = "MegaDesk", "MegaDesk\MegaDesk.csproj", "{4D56535B-63FC-4736-84B4-313CE20B59C5}"
EndProject
Global
	GlobalSection(SolutionConfigurationPlatforms) = preSolution
		Debug|Any CPU = Debug|Any CPU
		Release|Any CPU = Release|Any CPU
	EndGlobalSection
	GlobalSection(ProjectConfigurationPlatforms) = postSolution
		{4D56535B-63FC-4736-84B4-313CE20B59C5}.Debug|Any CPU.ActiveCfg = Debug|Any CPU
		{4D56535B-63FC-4736-84B4-313CE20B59C5}.Debug|Any CPU.Build.0 = Debug|Any CPU
		{4D56535B-63FC-4736-84B4-313CE20B59C5}.Release|Any CPU.ActiveCfg = Release|Any CPU
		{4D56535B-63FC-4736-84B4-313CE20B59C5}.Release|Any CPU.Build.0 = Release|Any CPU
	EndGlobalSection
	GlobalSection(SolutionProperties) = preSolution
		HideSolutionNode = FALSE
	EndGlobalSection
	GlobalSection(ExtensibilityGlobals) = postSolution
		SolutionGuid = {5D662D56-8306-4CE3-AF92-BC8D68E4B368}
	EndGlobalSection
EndGlobal
