
Microsoft Visual Studio Solution File, Format Version 12.00
# Visual Studio Version 16
VisualStudioVersion = 16.0.29306.81
MinimumVisualStudioVersion = 10.0.40219.1
Project("{FAE04EC0-301F-11D3-BF4B-00C04F79EFBC}") = "ContosoUniversity", "ContosoUniversity\ContosoUniversity.csproj", "{75AE4806-A1A7-4C67-AF79-AF211A08185C}"
EndProject
Global
	GlobalSection(SolutionConfigurationPlatforms) = preSolution
		Debug|Any CPU = Debug|Any CPU
		Release|Any CPU = Release|Any CPU
	EndGlobalSection
	GlobalSection(ProjectConfigurationPlatforms) = postSolution
		{75AE4806-A1A7-4C67-AF79-AF211A08185C}.Debug|Any CPU.ActiveCfg = Debug|Any CPU
		{75AE4806-A1A7-4C67-AF79-AF211A08185C}.Debug|Any CPU.Build.0 = Debug|Any CPU
		{75AE4806-A1A7-4C67-AF79-AF211A08185C}.Release|Any CPU.ActiveCfg = Release|Any CPU
		{75AE4806-A1A7-4C67-AF79-AF211A08185C}.Release|Any CPU.Build.0 = Release|Any CPU
	EndGlobalSection
	GlobalSection(SolutionProperties) = preSolution
		HideSolutionNode = FALSE
	EndGlobalSection
	GlobalSection(ExtensibilityGlobals) = postSolution
		SolutionGuid = {FC58B7F3-DF31-45C0-86BA-7ABAF8326DC5}
	EndGlobalSection
EndGlobal
