
Microsoft Visual Studio Solution File, Format Version 12.00
# Visual Studio Version 16
VisualStudioVersion = 16.0.29519.87
MinimumVisualStudioVersion = 10.0.40219.1
Project("{FAE04EC0-301F-11D3-BF4B-00C04F79EFBC}") = "SacramentPlanner", "SacramentPlanner\SacramentPlanner.csproj", "{38708B5A-0916-4EAD-AEF7-EFFA7D60DCBE}"
EndProject
Global
	GlobalSection(SolutionConfigurationPlatforms) = preSolution
		Debug|Any CPU = Debug|Any CPU
		Release|Any CPU = Release|Any CPU
	EndGlobalSection
	GlobalSection(ProjectConfigurationPlatforms) = postSolution
		{38708B5A-0916-4EAD-AEF7-EFFA7D60DCBE}.Debug|Any CPU.ActiveCfg = Debug|Any CPU
		{38708B5A-0916-4EAD-AEF7-EFFA7D60DCBE}.Debug|Any CPU.Build.0 = Debug|Any CPU
		{38708B5A-0916-4EAD-AEF7-EFFA7D60DCBE}.Release|Any CPU.ActiveCfg = Release|Any CPU
		{38708B5A-0916-4EAD-AEF7-EFFA7D60DCBE}.Release|Any CPU.Build.0 = Release|Any CPU
	EndGlobalSection
	GlobalSection(SolutionProperties) = preSolution
		HideSolutionNode = FALSE
	EndGlobalSection
	GlobalSection(ExtensibilityGlobals) = postSolution
		SolutionGuid = {2D2836D3-DEED-472E-AB37-338A53521D4E}
	EndGlobalSection
EndGlobal
