
Microsoft Visual Studio Solution File, Format Version 12.00
# Visual Studio Version 16
VisualStudioVersion = 16.0.29306.81
MinimumVisualStudioVersion = 10.0.40219.1
Project("{FAE04EC0-301F-11D3-BF4B-00C04F79EFBC}") = "TimedMathQuiz", "TimedMathQuiz\TimedMathQuiz.csproj", "{C95683FD-72A9-43F1-AECB-1EFF3959F5C3}"
EndProject
Global
	GlobalSection(SolutionConfigurationPlatforms) = preSolution
		Debug|Any CPU = Debug|Any CPU
		Release|Any CPU = Release|Any CPU
	EndGlobalSection
	GlobalSection(ProjectConfigurationPlatforms) = postSolution
		{C95683FD-72A9-43F1-AECB-1EFF3959F5C3}.Debug|Any CPU.ActiveCfg = Debug|Any CPU
		{C95683FD-72A9-43F1-AECB-1EFF3959F5C3}.Debug|Any CPU.Build.0 = Debug|Any CPU
		{C95683FD-72A9-43F1-AECB-1EFF3959F5C3}.Release|Any CPU.ActiveCfg = Release|Any CPU
		{C95683FD-72A9-43F1-AECB-1EFF3959F5C3}.Release|Any CPU.Build.0 = Release|Any CPU
	EndGlobalSection
	GlobalSection(SolutionProperties) = preSolution
		HideSolutionNode = FALSE
	EndGlobalSection
	GlobalSection(ExtensibilityGlobals) = postSolution
		SolutionGuid = {587CF579-4870-4EDF-96CC-8E95EAC56705}
	EndGlobalSection
EndGlobal
